
Microsoft Visual Studio Solution File, Format Version 12.00
# Visual Studio 14
VisualStudioVersion = 14.0.25420.1
MinimumVisualStudioVersion = 10.0.40219.1
Project("{FAE04EC0-301F-11D3-BF4B-00C04F79EFBC}") = "IncedoReservoir", "IncedoReservoir\IncedoReservoir.csproj", "{841946DA-DD97-46D9-B8A4-791011DFEB07}"
EndProject
Project("{FAE04EC0-301F-11D3-BF4B-00C04F79EFBC}") = "LoggerUtility", "LoggerUtility\LoggerUtility.csproj", "{F7EE080C-409B-4A1B-A6DD-E856E19A9B85}"
EndProject
Global
	GlobalSection(SolutionConfigurationPlatforms) = preSolution
		Debug|Any CPU = Debug|Any CPU
		Release|Any CPU = Release|Any CPU
	EndGlobalSection
	GlobalSection(ProjectConfigurationPlatforms) = postSolution
		{841946DA-DD97-46D9-B8A4-791011DFEB07}.Debug|Any CPU.ActiveCfg = Debug|Any CPU
		{841946DA-DD97-46D9-B8A4-791011DFEB07}.Debug|Any CPU.Build.0 = Debug|Any CPU
		{841946DA-DD97-46D9-B8A4-791011DFEB07}.Release|Any CPU.ActiveCfg = Release|Any CPU
		{841946DA-DD97-46D9-B8A4-791011DFEB07}.Release|Any CPU.Build.0 = Release|Any CPU
		{F7EE080C-409B-4A1B-A6DD-E856E19A9B85}.Debug|Any CPU.ActiveCfg = Debug|Any CPU
		{F7EE080C-409B-4A1B-A6DD-E856E19A9B85}.Debug|Any CPU.Build.0 = Debug|Any CPU
		{F7EE080C-409B-4A1B-A6DD-E856E19A9B85}.Release|Any CPU.ActiveCfg = Release|Any CPU
		{F7EE080C-409B-4A1B-A6DD-E856E19A9B85}.Release|Any CPU.Build.0 = Release|Any CPU
	EndGlobalSection
	GlobalSection(SolutionProperties) = preSolution
		HideSolutionNode = FALSE
	EndGlobalSection
EndGlobal
